{
    "name": "js3-browser-vs-nodejs-test",
    "version": "1.0.0",
    "lockfileVersion": 2,
    "requires": true,
    "packages": {
        "": {
            "name": "js3-browser-vs-nodejs-test",
            "version": "1.0.0",
            "license": "ISC",
            "dependencies": {
                "@gromakmaxim/js3-browser-vs-nodejs": "github:GromakMaxim/js3-browser-vs-nodejs"
            }
        },
        "node_modules/@gromakmaxim/js3-browser-vs-nodejs": {
            "version": "1.0.0",
            "resolved": "git+ssh://git@github.com/GromakMaxim/js3-browser-vs-nodejs.git#577964cf611a187677e1d0bcb4272679833956ff",
            "license": "ISC"
        }
    },
    "dependencies": {
        "@gromakmaxim/js3-browser-vs-nodejs": {
            "version": "git+ssh://git@github.com/GromakMaxim/js3-browser-vs-nodejs.git#577964cf611a187677e1d0bcb4272679833956ff",
            "from": "@gromakmaxim/js3-browser-vs-nodejs@https://github.com/GromakMaxim/js3-browser-vs-nodejs.git"
        }
    }
}
